{
  "name": "tecno-project-portfolio",
  "requires": true,
  "lockfileVersion": 1,
  "dependencies": {
    "ngx-particle": {
      "version": "1.5.0",
      "resolved": "https://registry.npmjs.org/ngx-particle/-/ngx-particle-1.5.0.tgz",
      "integrity": "sha512-UUQ9Spb11QvNtj8faVBVFdhGN56W8DrRjk5SE2LxSj6W1ef5Fx9MuDcpLYL0dIr1iu9MhIA5qfWV3LlT7bitCw=="
    }
  }
}
